
Microsoft Visual Studio Solution File, Format Version 12.00
# Visual Studio Version 17
VisualStudioVersion = 17.3.32819.101
MinimumVisualStudioVersion = 10.0.40219.1
Project("{2150E333-8FDC-42A3-9474-1A3956D46DE8}") = "src", "src", "{7D5F0274-49F7-4264-B4EA-9AC2B0C39887}"
EndProject
Project("{2150E333-8FDC-42A3-9474-1A3956D46DE8}") = "tests", "tests", "{422E7C3A-F0D1-442C-872A-BBAAA543A8D1}"
EndProject
Project("{FAE04EC0-301F-11D3-BF4B-00C04F79EFBC}") = "CustomerDataLayer", "src\CustomerDataLayer\CustomerDataLayer.csproj", "{323FA05A-1BCA-4252-B03A-01BFFBBC6F32}"
EndProject
Project("{FAE04EC0-301F-11D3-BF4B-00C04F79EFBC}") = "CustomerDataLayer.Tests", "tests\CustomerDataLayer.Tests\CustomerDataLayer.Tests.csproj", "{FA3F8C47-CED0-4C48-BBC6-C07F9CC02466}"
EndProject
Project("{FAE04EC0-301F-11D3-BF4B-00C04F79EFBC}") = "CustomerDataLayer.Integration.Tests", "tests\CustomerDataLayer.Integration.Tests\CustomerDataLayer.Integration.Tests.csproj", "{F7659B3C-1BF9-4CCB-9A66-5F5C4188AA1C}"
EndProject
Global
	GlobalSection(SolutionConfigurationPlatforms) = preSolution
		Debug|Any CPU = Debug|Any CPU
		Release|Any CPU = Release|Any CPU
	EndGlobalSection
	GlobalSection(ProjectConfigurationPlatforms) = postSolution
		{323FA05A-1BCA-4252-B03A-01BFFBBC6F32}.Debug|Any CPU.ActiveCfg = Debug|Any CPU
		{323FA05A-1BCA-4252-B03A-01BFFBBC6F32}.Debug|Any CPU.Build.0 = Debug|Any CPU
		{323FA05A-1BCA-4252-B03A-01BFFBBC6F32}.Release|Any CPU.ActiveCfg = Release|Any CPU
		{323FA05A-1BCA-4252-B03A-01BFFBBC6F32}.Release|Any CPU.Build.0 = Release|Any CPU
		{FA3F8C47-CED0-4C48-BBC6-C07F9CC02466}.Debug|Any CPU.ActiveCfg = Debug|Any CPU
		{FA3F8C47-CED0-4C48-BBC6-C07F9CC02466}.Debug|Any CPU.Build.0 = Debug|Any CPU
		{FA3F8C47-CED0-4C48-BBC6-C07F9CC02466}.Release|Any CPU.ActiveCfg = Release|Any CPU
		{FA3F8C47-CED0-4C48-BBC6-C07F9CC02466}.Release|Any CPU.Build.0 = Release|Any CPU
		{F7659B3C-1BF9-4CCB-9A66-5F5C4188AA1C}.Debug|Any CPU.ActiveCfg = Debug|Any CPU
		{F7659B3C-1BF9-4CCB-9A66-5F5C4188AA1C}.Debug|Any CPU.Build.0 = Debug|Any CPU
		{F7659B3C-1BF9-4CCB-9A66-5F5C4188AA1C}.Release|Any CPU.ActiveCfg = Release|Any CPU
		{F7659B3C-1BF9-4CCB-9A66-5F5C4188AA1C}.Release|Any CPU.Build.0 = Release|Any CPU
	EndGlobalSection
	GlobalSection(SolutionProperties) = preSolution
		HideSolutionNode = FALSE
	EndGlobalSection
	GlobalSection(NestedProjects) = preSolution
		{323FA05A-1BCA-4252-B03A-01BFFBBC6F32} = {7D5F0274-49F7-4264-B4EA-9AC2B0C39887}
		{FA3F8C47-CED0-4C48-BBC6-C07F9CC02466} = {422E7C3A-F0D1-442C-872A-BBAAA543A8D1}
		{F7659B3C-1BF9-4CCB-9A66-5F5C4188AA1C} = {422E7C3A-F0D1-442C-872A-BBAAA543A8D1}
	EndGlobalSection
	GlobalSection(ExtensibilityGlobals) = postSolution
		SolutionGuid = {96FA83A5-3BDC-420D-B788-1D08FA8728BF}
	EndGlobalSection
EndGlobal
